// !$*UTF8*$!
{
	archiveVersion = 1;
	classes = {
	};
	objectVersion = 46;
	objects = {
		5E618435888B9D49F8540165 = {
			buildActionMask = 2147483647;
			files = (
				);
			isa = PBXShellScriptBuildPhase;
			runOnlyForDeploymentPostprocessing = 0;
			name = "Qt Qmake";
			shellPath = "/bin/sh";
			shellScript = "make -C /Users/satoshi/Desktop/fc/osx/ProRoto2016/ProRotoQml/Models/ -f ProRotoQml.Models.xcodeproj/qt_makeqmake.mak";
			showEnvVarsInLog = "0";
		};
		04E3054F9D25108197A49298 = {
			isa = PBXFileReference;
			path = "/Users/satoshi/Desktop/fc/osx/ProRoto2016/ProRotoQml/Models/models_plugin.cpp";
			name = "models_plugin.cpp";
			sourceTree = "<absolute>";
			lastKnownFileType = "sourcecode.cpp.cpp";
		};
		D928E7F82458993DDBBAD47D = {
			fileRef = "04E3054F9D25108197A49298";
			isa = PBXBuildFile;
			settings = {
				ATTRIBUTES = (
					);
			};
		};
		5BAFB2A16624E8898910759E = {
			isa = PBXFileReference;
			path = "/Users/satoshi/Desktop/fc/osx/ProRoto2016/ProRotoQml/Models/sortfilterproxymodel.cpp";
			name = "sortfilterproxymodel.cpp";
			sourceTree = "<absolute>";
			lastKnownFileType = "sourcecode.cpp.cpp";
		};
		A0907D43817BE2A2106D86E5 = {
			fileRef = "5BAFB2A16624E8898910759E";
			isa = PBXBuildFile;
			settings = {
				ATTRIBUTES = (
					);
			};
		};
		12E36AA41E458AC633CDAA17 = {
			isa = PBXFileReference;
			path = "/Users/satoshi/Desktop/fc/osx/ProRoto2016/ProRotoQml/Models/prorotoqml.models_plugin_import.cpp";
			name = "prorotoqml.models_plugin_import.cpp";
			sourceTree = "<absolute>";
			lastKnownFileType = "sourcecode.cpp.cpp";
		};
		ECF22D4AA79CB3C7F6184754 = {
			fileRef = "12E36AA41E458AC633CDAA17";
			isa = PBXBuildFile;
			settings = {
				ATTRIBUTES = (
					);
			};
		};
		03324CA0503C7A3136595E94 = {
			isa = PBXFileReference;
			path = "/Users/satoshi/Desktop/fc/osx/ProRoto2016/ProRotoQml/Models/moc_models_plugin.cpp";
			name = "moc_models_plugin.cpp";
			sourceTree = "<absolute>";
			lastKnownFileType = "sourcecode.cpp.cpp";
		};
		6AF5479E31CEEE88C422C74C = {
			fileRef = "03324CA0503C7A3136595E94";
			isa = PBXBuildFile;
			settings = {
				ATTRIBUTES = (
					);
			};
		};
		386571FAC4B852795E706F9A = {
			isa = PBXFileReference;
			path = "/Users/satoshi/Desktop/fc/osx/ProRoto2016/ProRotoQml/Models/moc_sortfilterproxymodel.cpp";
			name = "moc_sortfilterproxymodel.cpp";
			sourceTree = "<absolute>";
			lastKnownFileType = "sourcecode.cpp.cpp";
		};
		E89A0AFCF70EDFCCB126A3AB = {
			fileRef = "386571FAC4B852795E706F9A";
			isa = PBXBuildFile;
			settings = {
				ATTRIBUTES = (
					);
			};
		};
		5C7F9B70909F109A9F35138B = {
			isa = PBXFileReference;
			path = "/Users/satoshi/Desktop/fc/osx/ProRoto2016/ProRotoQml/Models/models_plugin.h";
			name = "models_plugin.h";
			sourceTree = "<absolute>";
			lastKnownFileType = "sourcecode.c.h";
		};
		68595BB34268AAFCE01ADE4C = {
			isa = PBXFileReference;
			path = "/Users/satoshi/Desktop/fc/osx/ProRoto2016/ProRotoQml/Models/sortfilterproxymodel.h";
			name = "sortfilterproxymodel.h";
			sourceTree = "<absolute>";
			lastKnownFileType = "sourcecode.c.h";
		};
		6D3B5F9B16AD0548851BBD1A = {
			isa = PBXFileReference;
			path = "/Users/satoshi/Desktop/fc/osx/ProRoto2016/ProRotoQml/Models/models.pro";
			name = "models.pro";
			sourceTree = "<absolute>";
			lastKnownFileType = "text";
		};
		19818EE520F555540FAC1BD4 = {
			isa = PBXFileReference;
			path = "/Users/satoshi/Desktop/fc/osx/ProRoto2016/ProRotoQml/.qmake.stash";
			name = ".qmake.stash";
			sourceTree = "<absolute>";
		};
		25B08E2869634E9BCBA333A2 = {
			isa = PBXGroup;
			children = (
				"03324CA0503C7A3136595E94",
				"386571FAC4B852795E706F9A");
			name = "Generated Sources";
			sourceTree = "<Group>";
		};
		2EB56BE3C2D93CDAB0C52E67 = {
			isa = PBXGroup;
			children = (
				"04E3054F9D25108197A49298",
				"5BAFB2A16624E8898910759E",
				"12E36AA41E458AC633CDAA17",
				"5C7F9B70909F109A9F35138B",
				"68595BB34268AAFCE01ADE4C");
			name = "Sources";
			sourceTree = "<Group>";
		};
		74B182DB50CB5611B5C1C297 = {
			isa = PBXGroup;
			children = (
				"6D3B5F9B16AD0548851BBD1A",
				"19818EE520F555540FAC1BD4");
			name = "Supporting Files";
			sourceTree = "<Group>";
		};
		7EF0942E79C014DCEC8976BC = {
			buildActionMask = 2147483647;
			files = (
				);
			isa = PBXShellScriptBuildPhase;
			runOnlyForDeploymentPostprocessing = 0;
			name = "Qt Preprocessors";
			shellPath = "/bin/sh";
			shellScript = "make -C /Users/satoshi/Desktop/fc/osx/ProRoto2016/ProRotoQml/Models/ -f ProRotoQml.Models.xcodeproj/qt_preprocess.mak";
			showEnvVarsInLog = "0";
		};
		F7E50F631C51CD5B5DC0BC43 = {
			buildActionMask = 2147483647;
			files = (
				"D928E7F82458993DDBBAD47D",
				"A0907D43817BE2A2106D86E5",
				"ECF22D4AA79CB3C7F6184754",
				"6AF5479E31CEEE88C422C74C",
				"E89A0AFCF70EDFCCB126A3AB");
			isa = PBXSourcesBuildPhase;
			runOnlyForDeploymentPostprocessing = 0;
			name = "Compile Sources";
		};
		F60C9177B59CB96CBD9157B5 = {
			isa = PBXFileReference;
			name = "qios";
			path = "/Users/satoshi/Qt/5.6/ios/plugins/platforms/libqios$(QT_LIBRARY_SUFFIX).a";
			refType = 0;
			sourceTree = "<absolute>";
		};
		9B97B56D045BC2FF63D9BEAE = {
			fileRef = "F60C9177B59CB96CBD9157B5";
			isa = PBXBuildFile;
			settings = {
			};
		};
		FCC237CA5AD60B9BA4447615 = {
			isa = PBXFileReference;
			name = "Foundation.framework";
			path = "/System/Library/Frameworks/Foundation.framework";
			refType = 0;
			sourceTree = "<absolute>";
			lastKnownFileType = "wrapper.framework";
		};
		F26454630C80841CBDCFE1CA = {
			fileRef = "FCC237CA5AD60B9BA4447615";
			isa = PBXBuildFile;
			settings = {
			};
		};
		7EC00404ACD5AB0E97726B0E = {
			isa = PBXFileReference;
			name = "QuartzCore.framework";
			path = "/System/Library/Frameworks/QuartzCore.framework";
			refType = 0;
			sourceTree = "<absolute>";
			lastKnownFileType = "wrapper.framework";
		};
		B460F624007324313696BE86 = {
			fileRef = "7EC00404ACD5AB0E97726B0E";
			isa = PBXBuildFile;
			settings = {
			};
		};
		4D765E1B1EA6C757220C63E7 = {
			isa = PBXFileReference;
			name = "CoreFoundation.framework";
			path = "/System/Library/Frameworks/CoreFoundation.framework";
			refType = 0;
			sourceTree = "<absolute>";
			lastKnownFileType = "wrapper.framework";
		};
		F8B465CE34D8DF87AAE95913 = {
			fileRef = "4D765E1B1EA6C757220C63E7";
			isa = PBXBuildFile;
			settings = {
			};
		};
		7D7B02101166B76FD2D4F8B4 = {
			isa = PBXFileReference;
			name = "CoreText.framework";
			path = "/System/Library/Frameworks/CoreText.framework";
			refType = 0;
			sourceTree = "<absolute>";
			lastKnownFileType = "wrapper.framework";
		};
		2B02D9DC58A01E45248DDBCE = {
			fileRef = "7D7B02101166B76FD2D4F8B4";
			isa = PBXBuildFile;
			settings = {
			};
		};
		6AE3EC31EE5BB1FCEE84137C = {
			isa = PBXFileReference;
			name = "CoreGraphics.framework";
			path = "/System/Library/Frameworks/CoreGraphics.framework";
			refType = 0;
			sourceTree = "<absolute>";
			lastKnownFileType = "wrapper.framework";
		};
		0CE02722F00CAD43741297B5 = {
			fileRef = "6AE3EC31EE5BB1FCEE84137C";
			isa = PBXBuildFile;
			settings = {
			};
		};
		5515BA229DC6F877D235CB25 = {
			isa = PBXFileReference;
			name = "Qt5PlatformSupport";
			path = "/Users/satoshi/Qt/5.6/ios/lib/libQt5PlatformSupport$(QT_LIBRARY_SUFFIX).a";
			refType = 0;
			sourceTree = "<absolute>";
		};
		A1B312C9ACD260E47EC98FDE = {
			fileRef = "5515BA229DC6F877D235CB25";
			isa = PBXBuildFile;
			settings = {
			};
		};
		A0B0F3CB10D0542BA00D774F = {
			isa = PBXFileReference;
			name = "Qt5DBus";
			path = "/Users/satoshi/Qt/5.6/ios/lib/libQt5DBus$(QT_LIBRARY_SUFFIX).a";
			refType = 0;
			sourceTree = "<absolute>";
		};
		5143F8982641B80B27254678 = {
			fileRef = "A0B0F3CB10D0542BA00D774F";
			isa = PBXBuildFile;
			settings = {
			};
		};
		44D127080846DF1F89C7C0F0 = {
			isa = PBXFileReference;
			name = "qtfreetype";
			path = "/Users/satoshi/Qt/5.6/ios/lib/libqtfreetype$(QT_LIBRARY_SUFFIX).a";
			refType = 0;
			sourceTree = "<absolute>";
		};
		D75F31304BB490EB74456B8E = {
			fileRef = "44D127080846DF1F89C7C0F0";
			isa = PBXBuildFile;
			settings = {
			};
		};
		205259EEEE2BADA5E64741E3 = {
			isa = PBXFileReference;
			name = "Security.framework";
			path = "/System/Library/Frameworks/Security.framework";
			refType = 0;
			sourceTree = "<absolute>";
			lastKnownFileType = "wrapper.framework";
		};
		15364689D2AB5A30E87A689F = {
			fileRef = "205259EEEE2BADA5E64741E3";
			isa = PBXBuildFile;
			settings = {
			};
		};
		FF5BDAB0076F3391B219EA52 = {
			isa = PBXFileReference;
			name = "SystemConfiguration.framework";
			path = "/System/Library/Frameworks/SystemConfiguration.framework";
			refType = 0;
			sourceTree = "<absolute>";
			lastKnownFileType = "wrapper.framework";
		};
		D4639595C3BCF2A39D88DF6E = {
			fileRef = "FF5BDAB0076F3391B219EA52";
			isa = PBXBuildFile;
			settings = {
			};
		};
		FA00569169E87EA24EFC3ADB = {
			isa = PBXFileReference;
			name = "qdds";
			path = "/Users/satoshi/Qt/5.6/ios/plugins/imageformats/libqdds$(QT_LIBRARY_SUFFIX).a";
			refType = 0;
			sourceTree = "<absolute>";
		};
		13D3CCF65F3E2F74D265F183 = {
			fileRef = "FA00569169E87EA24EFC3ADB";
			isa = PBXBuildFile;
			settings = {
			};
		};
		29AE47BC3F15181A24945464 = {
			isa = PBXFileReference;
			name = "qicns";
			path = "/Users/satoshi/Qt/5.6/ios/plugins/imageformats/libqicns$(QT_LIBRARY_SUFFIX).a";
			refType = 0;
			sourceTree = "<absolute>";
		};
		7E217234835E6D1A3E37073A = {
			fileRef = "29AE47BC3F15181A24945464";
			isa = PBXBuildFile;
			settings = {
			};
		};
		0451EA99D0A6F18D69482FFD = {
			isa = PBXFileReference;
			name = "qico";
			path = "/Users/satoshi/Qt/5.6/ios/plugins/imageformats/libqico$(QT_LIBRARY_SUFFIX).a";
			refType = 0;
			sourceTree = "<absolute>";
		};
		0DF3C70AD69C8DC913A76AF1 = {
			fileRef = "0451EA99D0A6F18D69482FFD";
			isa = PBXBuildFile;
			settings = {
			};
		};
		A39EFC433B84418DE8FD9428 = {
			isa = PBXFileReference;
			name = "qtga";
			path = "/Users/satoshi/Qt/5.6/ios/plugins/imageformats/libqtga$(QT_LIBRARY_SUFFIX).a";
			refType = 0;
			sourceTree = "<absolute>";
		};
		514FC7A6B1375A63DC3C2DCC = {
			fileRef = "A39EFC433B84418DE8FD9428";
			isa = PBXBuildFile;
			settings = {
			};
		};
		E3AA1F5E53B7B30DE959DB0D = {
			isa = PBXFileReference;
			name = "qtiff";
			path = "/Users/satoshi/Qt/5.6/ios/plugins/imageformats/libqtiff$(QT_LIBRARY_SUFFIX).a";
			refType = 0;
			sourceTree = "<absolute>";
		};
		B8B24B0219F4ECA5BD14A2AB = {
			fileRef = "E3AA1F5E53B7B30DE959DB0D";
			isa = PBXBuildFile;
			settings = {
			};
		};
		4A642575B906FA346A3F5EB6 = {
			isa = PBXFileReference;
			name = "qwbmp";
			path = "/Users/satoshi/Qt/5.6/ios/plugins/imageformats/libqwbmp$(QT_LIBRARY_SUFFIX).a";
			refType = 0;
			sourceTree = "<absolute>";
		};
		1EC5CE646ACA1D35A047F85F = {
			fileRef = "4A642575B906FA346A3F5EB6";
			isa = PBXBuildFile;
			settings = {
			};
		};
		F4A07B4EB83C96558CCE1156 = {
			isa = PBXFileReference;
			name = "qwebp";
			path = "/Users/satoshi/Qt/5.6/ios/plugins/imageformats/libqwebp$(QT_LIBRARY_SUFFIX).a";
			refType = 0;
			sourceTree = "<absolute>";
		};
		B479869B5D89BA807FFFC77C = {
			fileRef = "F4A07B4EB83C96558CCE1156";
			isa = PBXBuildFile;
			settings = {
			};
		};
		7172927F919C3894CD109281 = {
			isa = PBXFileReference;
			name = "qmldbg_debugger";
			path = "/Users/satoshi/Qt/5.6/ios/plugins/qmltooling/libqmldbg_debugger$(QT_LIBRARY_SUFFIX).a";
			refType = 0;
			sourceTree = "<absolute>";
		};
		16EBC37A23D6398227EE6CAB = {
			fileRef = "7172927F919C3894CD109281";
			isa = PBXBuildFile;
			settings = {
			};
		};
		055D5E5A8F9CBA1040E856D6 = {
			isa = PBXFileReference;
			name = "qmldbg_inspector";
			path = "/Users/satoshi/Qt/5.6/ios/plugins/qmltooling/libqmldbg_inspector$(QT_LIBRARY_SUFFIX).a";
			refType = 0;
			sourceTree = "<absolute>";
		};
		56FABC588AFC9D512CFF4BC0 = {
			fileRef = "055D5E5A8F9CBA1040E856D6";
			isa = PBXBuildFile;
			settings = {
			};
		};
		4D6EACB990A51B88BEED9CD6 = {
			isa = PBXFileReference;
			name = "Qt5Quick";
			path = "/Users/satoshi/Qt/5.6/ios/lib/libQt5Quick$(QT_LIBRARY_SUFFIX).a";
			refType = 0;
			sourceTree = "<absolute>";
		};
		D277FB35A26F4BCC5E6CC696 = {
			fileRef = "4D6EACB990A51B88BEED9CD6";
			isa = PBXBuildFile;
			settings = {
			};
		};
		6459E531D65CEF8626B7A29A = {
			isa = PBXFileReference;
			name = "qmldbg_local";
			path = "/Users/satoshi/Qt/5.6/ios/plugins/qmltooling/libqmldbg_local$(QT_LIBRARY_SUFFIX).a";
			refType = 0;
			sourceTree = "<absolute>";
		};
		EF943AD0BE7EAA241C26E22E = {
			fileRef = "6459E531D65CEF8626B7A29A";
			isa = PBXBuildFile;
			settings = {
			};
		};
		5C154BF731DCD847FC01724F = {
			isa = PBXFileReference;
			name = "qmldbg_native";
			path = "/Users/satoshi/Qt/5.6/ios/plugins/qmltooling/libqmldbg_native$(QT_LIBRARY_SUFFIX).a";
			refType = 0;
			sourceTree = "<absolute>";
		};
		D60F933ECA691FF8C98EA29B = {
			fileRef = "5C154BF731DCD847FC01724F";
			isa = PBXBuildFile;
			settings = {
			};
		};
		96779DE12E0100E28B1C290F = {
			isa = PBXFileReference;
			name = "Qt5Gui";
			path = "/Users/satoshi/Qt/5.6/ios/lib/libQt5Gui$(QT_LIBRARY_SUFFIX).a";
			refType = 0;
			sourceTree = "<absolute>";
		};
		30BD0AFFDC3D1BBC3B77520A = {
			fileRef = "96779DE12E0100E28B1C290F";
			isa = PBXBuildFile;
			settings = {
			};
		};
		C50E72EF0776553F0FB0CD37 = {
			isa = PBXFileReference;
			name = "qtharfbuzzng";
			path = "/Users/satoshi/Qt/5.6/ios/lib/libqtharfbuzzng$(QT_LIBRARY_SUFFIX).a";
			refType = 0;
			sourceTree = "<absolute>";
		};
		807A4C13C6FB72DB5098A052 = {
			fileRef = "C50E72EF0776553F0FB0CD37";
			isa = PBXBuildFile;
			settings = {
			};
		};
		7769338445FBA6A5C885D715 = {
			isa = PBXFileReference;
			name = "qmldbg_profiler";
			path = "/Users/satoshi/Qt/5.6/ios/plugins/qmltooling/libqmldbg_profiler$(QT_LIBRARY_SUFFIX).a";
			refType = 0;
			sourceTree = "<absolute>";
		};
		D75AC012399EFADBD0966CBC = {
			fileRef = "7769338445FBA6A5C885D715";
			isa = PBXBuildFile;
			settings = {
			};
		};
		D48C62AF65E878DAC98C42C9 = {
			isa = PBXFileReference;
			name = "qmldbg_server";
			path = "/Users/satoshi/Qt/5.6/ios/plugins/qmltooling/libqmldbg_server$(QT_LIBRARY_SUFFIX).a";
			refType = 0;
			sourceTree = "<absolute>";
		};
		A51E7F055B10D8125FE9D923 = {
			fileRef = "D48C62AF65E878DAC98C42C9";
			isa = PBXBuildFile;
			settings = {
			};
		};
		593F93DEC1CA0FB7B9C40472 = {
			isa = PBXFileReference;
			name = "qmldbg_tcp";
			path = "/Users/satoshi/Qt/5.6/ios/plugins/qmltooling/libqmldbg_tcp$(QT_LIBRARY_SUFFIX).a";
			refType = 0;
			sourceTree = "<absolute>";
		};
		3DCF325A4E324B8F7AC5B17E = {
			fileRef = "593F93DEC1CA0FB7B9C40472";
			isa = PBXBuildFile;
			settings = {
			};
		};
		3BB6F98951B542A98D16B83C = {
			isa = PBXFileReference;
			name = "Qt5Qml";
			path = "/Users/satoshi/Qt/5.6/ios/lib/libQt5Qml$(QT_LIBRARY_SUFFIX).a";
			refType = 0;
			sourceTree = "<absolute>";
		};
		CBA725E04FF78E27CE3AC724 = {
			fileRef = "3BB6F98951B542A98D16B83C";
			isa = PBXBuildFile;
			settings = {
			};
		};
		81DD8E16216FDAAB0C02568B = {
			isa = PBXFileReference;
			name = "qgenericbearer";
			path = "/Users/satoshi/Qt/5.6/ios/plugins/bearer/libqgenericbearer$(QT_LIBRARY_SUFFIX).a";
			refType = 0;
			sourceTree = "<absolute>";
		};
		9B8B0328122F16B0D3E8082A = {
			fileRef = "81DD8E16216FDAAB0C02568B";
			isa = PBXBuildFile;
			settings = {
			};
		};
		6BF6ACF1D7A44F042136CC8D = {
			isa = PBXFileReference;
			name = "Qt5Network";
			path = "/Users/satoshi/Qt/5.6/ios/lib/libQt5Network$(QT_LIBRARY_SUFFIX).a";
			refType = 0;
			sourceTree = "<absolute>";
		};
		5FBD44F2EA4EFDE2D5773261 = {
			fileRef = "6BF6ACF1D7A44F042136CC8D";
			isa = PBXBuildFile;
			settings = {
			};
		};
		FB9C31E5A47879D3EF7CC62E = {
			isa = PBXFileReference;
			name = "Qt5Core";
			path = "/Users/satoshi/Qt/5.6/ios/lib/libQt5Core$(QT_LIBRARY_SUFFIX).a";
			refType = 0;
			sourceTree = "<absolute>";
		};
		11E7E48472DA95628B7A75A7 = {
			fileRef = "FB9C31E5A47879D3EF7CC62E";
			isa = PBXBuildFile;
			settings = {
			};
		};
		A541F39CC1F3E3A6B06E19A1 = {
			isa = PBXFileReference;
			name = "qtpcre";
			path = "/Users/satoshi/Qt/5.6/ios/lib/libqtpcre$(QT_LIBRARY_SUFFIX).a";
			refType = 0;
			sourceTree = "<absolute>";
		};
		1A980A4CF12D6782418A01EA = {
			fileRef = "A541F39CC1F3E3A6B06E19A1";
			isa = PBXBuildFile;
			settings = {
			};
		};
		AF39DD055C3EF8226FBE929D = {
			children = (
				"F60C9177B59CB96CBD9157B5",
				"FCC237CA5AD60B9BA4447615",
				"7EC00404ACD5AB0E97726B0E",
				"4D765E1B1EA6C757220C63E7",
				"7D7B02101166B76FD2D4F8B4",
				"6AE3EC31EE5BB1FCEE84137C",
				"5515BA229DC6F877D235CB25",
				"A0B0F3CB10D0542BA00D774F",
				"44D127080846DF1F89C7C0F0",
				"205259EEEE2BADA5E64741E3",
				"FF5BDAB0076F3391B219EA52",
				"FA00569169E87EA24EFC3ADB",
				"29AE47BC3F15181A24945464",
				"0451EA99D0A6F18D69482FFD",
				"A39EFC433B84418DE8FD9428",
				"E3AA1F5E53B7B30DE959DB0D",
				"4A642575B906FA346A3F5EB6",
				"F4A07B4EB83C96558CCE1156",
				"7172927F919C3894CD109281",
				"055D5E5A8F9CBA1040E856D6",
				"4D6EACB990A51B88BEED9CD6",
				"6459E531D65CEF8626B7A29A",
				"5C154BF731DCD847FC01724F",
				"96779DE12E0100E28B1C290F",
				"C50E72EF0776553F0FB0CD37",
				"7769338445FBA6A5C885D715",
				"D48C62AF65E878DAC98C42C9",
				"593F93DEC1CA0FB7B9C40472",
				"3BB6F98951B542A98D16B83C",
				"81DD8E16216FDAAB0C02568B",
				"6BF6ACF1D7A44F042136CC8D",
				"FB9C31E5A47879D3EF7CC62E",
				"A541F39CC1F3E3A6B06E19A1");
			isa = PBXGroup;
			name = "Frameworks";
			sourceTree = "<Group>";
		};
		D1C883685E82D5676953459A = {
			buildActionMask = 2147483647;
			files = (
				"9B97B56D045BC2FF63D9BEAE",
				"F26454630C80841CBDCFE1CA",
				"B460F624007324313696BE86",
				"F8B465CE34D8DF87AAE95913",
				"2B02D9DC58A01E45248DDBCE",
				"0CE02722F00CAD43741297B5",
				"A1B312C9ACD260E47EC98FDE",
				"5143F8982641B80B27254678",
				"D75F31304BB490EB74456B8E",
				"15364689D2AB5A30E87A689F",
				"D4639595C3BCF2A39D88DF6E",
				"13D3CCF65F3E2F74D265F183",
				"7E217234835E6D1A3E37073A",
				"0DF3C70AD69C8DC913A76AF1",
				"514FC7A6B1375A63DC3C2DCC",
				"B8B24B0219F4ECA5BD14A2AB",
				"1EC5CE646ACA1D35A047F85F",
				"B479869B5D89BA807FFFC77C",
				"16EBC37A23D6398227EE6CAB",
				"56FABC588AFC9D512CFF4BC0",
				"D277FB35A26F4BCC5E6CC696",
				"EF943AD0BE7EAA241C26E22E",
				"D60F933ECA691FF8C98EA29B",
				"30BD0AFFDC3D1BBC3B77520A",
				"807A4C13C6FB72DB5098A052",
				"D75AC012399EFADBD0966CBC",
				"A51E7F055B10D8125FE9D923",
				"3DCF325A4E324B8F7AC5B17E",
				"CBA725E04FF78E27CE3AC724",
				"9B8B0328122F16B0D3E8082A",
				"5FBD44F2EA4EFDE2D5773261",
				"11E7E48472DA95628B7A75A7",
				"1A980A4CF12D6782418A01EA");
			isa = PBXFrameworksBuildPhase;
			runOnlyForDeploymentPostprocessing = 0;
			name = "Link Binary With Libraries";
		};
		5254648266E5E744D1AC01C4 = {
			isa = PBXFileReference;
			path = "/Users/satoshi/Desktop/fc/osx/ProRoto2016/ProRotoQml/Models/ProRotoQml.Models.xcodeproj/Default-568h@2x.png";
			name = "Default-568h@2x.png";
			sourceTree = "<absolute>";
		};
		E4187DFA675042645827B8B2 = {
			fileRef = "5254648266E5E744D1AC01C4";
			isa = PBXBuildFile;
		};
		2DC7AE4EB61AC30FA0618C17 = {
			isa = PBXFileReference;
			path = "/Users/satoshi/Desktop/fc/osx/ProRoto2016/ProRotoQml/Models/ProRotoQml.Models.xcodeproj/LaunchScreen.xib";
			name = "LaunchScreen.xib";
			sourceTree = "<absolute>";
		};
		95DB14879D2DFBD926312687 = {
			fileRef = "2DC7AE4EB61AC30FA0618C17";
			isa = PBXBuildFile;
		};
		858FCAB0EB1F29CF8B07677C = {
			children = (
				"5254648266E5E744D1AC01C4",
				"2DC7AE4EB61AC30FA0618C17");
			isa = PBXGroup;
			name = "Bundle Data";
			sourceTree = "<Group>";
		};
		30414803F31797EB689AE508 = {
			buildActionMask = 2147483647;
			files = (
				"E4187DFA675042645827B8B2",
				"95DB14879D2DFBD926312687");
			isa = PBXResourcesBuildPhase;
			runOnlyForDeploymentPostprocessing = 0;
			name = "Copy Bundle Resources";
		};
		15A30938C6049F5A2E6FD82D = {
			isa = PBXFileReference;
			includeInIndex = 0;
			explicitFileType = "wrapper.application";
			path = "ProRotoQml.Models.app";
			sourceTree = BUILT_PRODUCTS_DIR;
		};
		FE0A091FDBFB3E9C31B7A1BD = {
			children = (
				"15A30938C6049F5A2E6FD82D");
			isa = PBXGroup;
			name = "Products";
			sourceTree = "<Group>";
		};
		E8C543AB96796ECAA2E65C57 = {
			children = (
				"2EB56BE3C2D93CDAB0C52E67",
				"25B08E2869634E9BCBA333A2",
				"74B182DB50CB5611B5C1C297",
				"AF39DD055C3EF8226FBE929D",
				"858FCAB0EB1F29CF8B07677C",
				"FE0A091FDBFB3E9C31B7A1BD");
			isa = PBXGroup;
			name = "ProRotoQml.Models";
			sourceTree = "<Group>";
		};
		F35EF501319FD7574B9EDC59 = {
			buildPhases = (
				"5E618435888B9D49F8540165",
				"7EF0942E79C014DCEC8976BC");
			dependencies = (
				);
			buildConfigurationList = 6CC3B5D2136C7CD6A5CF5A59;
			isa = PBXAggregateTarget;
			buildRules = (
);
			productName = "Qt Preprocess";
			name = "Qt Preprocess";
		};
		ABB99E85CE1582B43A8ED270 = {
			isa = PBXTargetDependency;
			target = "F35EF501319FD7574B9EDC59";
		};
		4A15CEFC063E97832478F3C6 = {
			buildPhases = (
				"F7E50F631C51CD5B5DC0BC43",
				"D1C883685E82D5676953459A",
				"30414803F31797EB689AE508");
			dependencies = (
				"ABB99E85CE1582B43A8ED270");
			productReference = "15A30938C6049F5A2E6FD82D";
			buildConfigurationList = 6CC3B5D2136C7CD6A5CF5A59;
			isa = PBXNativeTarget;
			buildRules = (
);
			productType = "com.apple.product-type.application";
			name = "ProRotoQml.Models";
			productName = "ProRotoQml.Models";
		};
		3AA6C32AC930069E80220CF1 = {
			isa = XCBuildConfiguration;
			buildSettings = {
				"ARCHS[sdk=iphoneos*]" = "armv7 arm64";
				"ARCHS[sdk=iphonesimulator*]" = "i386 x86_64";
				COPY_PHASE_STRIP = "NO";
				DEBUG_INFORMATION_FORMAT = "dwarf";
				ENABLE_BITCODE = "NO";
				GCC_GENERATE_DEBUGGING_SYMBOLS = "YES";
				GCC_OPTIMIZATION_LEVEL = "0";
				ONLY_ACTIVE_ARCH = "YES";
				PRODUCT_NAME = "ProRotoQml.Models";
				"QMAKE_MAC_SDK_PATH[sdk=iphoneos*]" = "/Applications/Xcode.app/Contents/Developer/Platforms/iPhoneOS.platform/Developer/SDKs/iPhoneOS9.3.sdk";
				"QMAKE_MAC_SDK_PATH[sdk=iphonesimulator*]" = "/Applications/Xcode.app/Contents/Developer/Platforms/iPhoneSimulator.platform/Developer/SDKs/iPhoneSimulator9.3.sdk";
				"QMAKE_MAC_SDK_PLATFORM_PATH[sdk=iphoneos*]" = "/Applications/Xcode.app/Contents/Developer/Platforms/iPhoneOS.platform";
				"QMAKE_MAC_SDK_PLATFORM_PATH[sdk=iphonesimulator*]" = "/Applications/Xcode.app/Contents/Developer/Platforms/iPhoneSimulator.platform";
				QT_LIBRARY_SUFFIX = "_debug";
				"QT_LIBRARY_SUFFIX[sdk=iphonesimulator*]" = "_iphonesimulator$(QT_LIBRARY_SUFFIX)";
				SDKROOT = "iphoneos";
				TARGETED_DEVICE_FAMILY = "1,2";
				GCC_VERSION = com.apple.compilers.llvm.clang.1_0;
				CC = "/Applications/Xcode.app/Contents/Developer/Toolchains/XcodeDefault.xctoolchain/usr/bin/clang";
				LDPLUSPLUS = "/Applications/Xcode.app/Contents/Developer/Toolchains/XcodeDefault.xctoolchain/usr/bin/clang++";
				INFOPLIST_FILE = "Info.plist";
				SYMROOT = "/Users/satoshi/Desktop/fc/osx/ProRoto2016/ProRotoQml/Models/";
				DYLIB_CURRENT_VERSION = "1.0.0";
				DYLIB_COMPATIBILITY_VERSION = "1.0";
				IPHONEOS_DEPLOYMENT_TARGET = "6.0";
				CODE_SIGN_IDENTITY = "iPhone Developer";
				HEADER_SEARCH_PATHS = (
					".",
					"/Users/satoshi/Qt/5.6/ios/mkspecs/macx-ios-clang/ios",
					"/Users/satoshi/Qt/5.6/ios/include",
					"/Users/satoshi/Qt/5.6/ios/include/QtQuick",
					"/Users/satoshi/Qt/5.6/ios/include/QtGui",
					"/Users/satoshi/Qt/5.6/ios/include/QtQml",
					"/Users/satoshi/Qt/5.6/ios/include/QtNetwork",
					"/Users/satoshi/Qt/5.6/ios/include/QtCore",
					".",
					"/Users/satoshi/Qt/5.6/ios/mkspecs/macx-ios-clang");
				LIBRARY_SEARCH_PATHS = (
					"/Users/satoshi/Qt/5.6/ios/plugins/platforms",
					"/System/Library/Frameworks/",
					"/Users/satoshi/Qt/5.6/ios/lib",
					"/Users/satoshi/Qt/5.6/ios/plugins/imageformats",
					"/Users/satoshi/Qt/5.6/ios/plugins/qmltooling",
					"/Users/satoshi/Qt/5.6/ios/plugins/bearer");
				FRAMEWORK_SEARCH_PATHS = "";
				OTHER_CFLAGS = (
					"-pipe",
					"-fvisibility=hidden",
					"-fpascal-strings",
					"-fmessage-length=0",
					"-Wno-trigraphs",
					"-Wreturn-type",
					"-Wparentheses",
					"-Wswitch",
					"-Wno-unused-parameter",
					"-Wunused-variable",
					"-Wunused-value",
					"-Wno-shorten-64-to-32",
					"-Wno-sign-conversion",
					"-fexceptions",
					"-fasm-blocks",
					"-Wno-missing-field-initializers",
					"-Wno-missing-prototypes",
					"-Wno-implicit-atomic-properties",
					"-Wformat",
					"-Wno-missing-braces",
					"-Wno-unused-function",
					"-Wno-unused-label",
					"-Wuninitialized",
					"-Wno-unknown-pragmas",
					"-Wno-shadow",
					"-Wno-four-char-constants",
					"-Wno-sign-compare",
					"-Wpointer-sign",
					"-Wno-newline-eof",
					"-Wdeprecated-declarations",
					"-Winvalid-offsetof",
					"-Wno-conversion",
					"-O2",
					"-fobjc-nonfragile-abi",
					"-fobjc-legacy-dispatch",
					"-Wno-deprecated-implementations",
					"-Wprotocol",
					"-Wno-selector",
					"-Wno-strict-selector-match",
					"-Wno-undeclared-selector",
					"-Wall",
					"-W",
					"-fPIC",
					"-DDARWIN_NO_CARBON",
					"-DQT_NO_PRINTER",
					"-DQT_NO_PRINTDIALOG",
					"-DQT_NO_DEBUG",
					"-DQT_STATICPLUGIN",
					"-DQT_PLUGIN",
					"-DQT_QUICK_LIB",
					"-DQT_GUI_LIB",
					"-DQT_QML_LIB",
					"-DQT_NETWORK_LIB",
					"-DQT_CORE_LIB");
				OTHER_CPLUSPLUSFLAGS = (
					"-pipe",
					"-stdlib=libc++",
					"-fvisibility=hidden",
					"-fpascal-strings",
					"-fmessage-length=0",
					"-Wno-trigraphs",
					"-Wreturn-type",
					"-Wparentheses",
					"-Wswitch",
					"-Wno-unused-parameter",
					"-Wunused-variable",
					"-Wunused-value",
					"-Wno-shorten-64-to-32",
					"-Wno-sign-conversion",
					"-fexceptions",
					"-fasm-blocks",
					"-Wno-missing-field-initializers",
					"-Wno-missing-prototypes",
					"-Wno-implicit-atomic-properties",
					"-Wformat",
					"-Wno-missing-braces",
					"-Wno-unused-function",
					"-Wno-unused-label",
					"-Wuninitialized",
					"-Wno-unknown-pragmas",
					"-Wno-shadow",
					"-Wno-four-char-constants",
					"-Wno-sign-compare",
					"-Wpointer-sign",
					"-Wno-newline-eof",
					"-Wdeprecated-declarations",
					"-Winvalid-offsetof",
					"-Wno-conversion",
					"-fvisibility-inlines-hidden",
					"-Wno-non-virtual-dtor",
					"-Wno-overloaded-virtual",
					"-Wno-exit-time-destructors",
					"-O2",
					"-std=gnu++11",
					"-fobjc-nonfragile-abi",
					"-fobjc-legacy-dispatch",
					"-Wno-deprecated-implementations",
					"-Wprotocol",
					"-Wno-selector",
					"-Wno-strict-selector-match",
					"-Wno-undeclared-selector",
					"-Wall",
					"-W",
					"-fPIC",
					"-DDARWIN_NO_CARBON",
					"-DQT_NO_PRINTER",
					"-DQT_NO_PRINTDIALOG",
					"-DQT_NO_DEBUG",
					"-DQT_STATICPLUGIN",
					"-DQT_PLUGIN",
					"-DQT_QUICK_LIB",
					"-DQT_GUI_LIB",
					"-DQT_QML_LIB",
					"-DQT_NETWORK_LIB",
					"-DQT_CORE_LIB");
				OTHER_LDFLAGS = (
						"-headerpad_max_install_names",
						"-stdlib=libc++",
						"-u",
						"_qt_registerPlatformPlugin",
						"-Wl,-e,_qt_main_wrapper",
						"-L/Users/satoshi/Qt/5.6/ios/plugins/platforms",
						"-framework",
						"UIKit",
						"-framework",
						"AssetsLibrary",
						"-L/Users/satoshi/Qt/5.6/ios/lib",
						"-framework",
						"MobileCoreServices",
						"-framework",
						"OpenGLES",
						"-L/Users/satoshi/Qt/5.6/ios/plugins/imageformats",
						"-L/Users/satoshi/Qt/5.6/ios/plugins/qmltooling",
						"-L/Users/satoshi/Qt/5.6/ios/plugins/bearer",
						"-lz",
						"-lm");
				ARCHS = "armv7 arm64 i386 x86_64";
			};
			name = "Debug";
		};
		77418F46922677BB04ED38DD = {
			isa = XCBuildConfiguration;
			buildSettings = {
				"ARCHS[sdk=iphoneos*]" = "armv7 arm64";
				"ARCHS[sdk=iphonesimulator*]" = "i386 x86_64";
				COPY_PHASE_STRIP = "NO";
				DEBUG_INFORMATION_FORMAT = "dwarf";
				ENABLE_BITCODE = "NO";
				GCC_GENERATE_DEBUGGING_SYMBOLS = "YES";
				GCC_OPTIMIZATION_LEVEL = "0";
				ONLY_ACTIVE_ARCH = "YES";
				PRODUCT_NAME = "ProRotoQml.Models";
				"QMAKE_MAC_SDK_PATH[sdk=iphoneos*]" = "/Applications/Xcode.app/Contents/Developer/Platforms/iPhoneOS.platform/Developer/SDKs/iPhoneOS9.3.sdk";
				"QMAKE_MAC_SDK_PATH[sdk=iphonesimulator*]" = "/Applications/Xcode.app/Contents/Developer/Platforms/iPhoneSimulator.platform/Developer/SDKs/iPhoneSimulator9.3.sdk";
				"QMAKE_MAC_SDK_PLATFORM_PATH[sdk=iphoneos*]" = "/Applications/Xcode.app/Contents/Developer/Platforms/iPhoneOS.platform";
				"QMAKE_MAC_SDK_PLATFORM_PATH[sdk=iphonesimulator*]" = "/Applications/Xcode.app/Contents/Developer/Platforms/iPhoneSimulator.platform";
				QT_LIBRARY_SUFFIX = "_debug";
				"QT_LIBRARY_SUFFIX[sdk=iphonesimulator*]" = "_iphonesimulator$(QT_LIBRARY_SUFFIX)";
				SDKROOT = "iphoneos";
				TARGETED_DEVICE_FAMILY = "1,2";
				PRODUCT_NAME = "ProRotoQml.Models";
			};
			name = "Debug";
		};
		339EE1B2CC4FC24589A0EA95 = {
			isa = XCBuildConfiguration;
			buildSettings = {
				"ARCHS[sdk=iphoneos*]" = "armv7 arm64";
				"ARCHS[sdk=iphonesimulator*]" = "i386 x86_64";
				COPY_PHASE_STRIP = "YES";
				ENABLE_BITCODE = "NO";
				GCC_GENERATE_DEBUGGING_SYMBOLS = "NO";
				PRODUCT_NAME = "ProRotoQml.Models";
				"QMAKE_MAC_SDK_PATH[sdk=iphoneos*]" = "/Applications/Xcode.app/Contents/Developer/Platforms/iPhoneOS.platform/Developer/SDKs/iPhoneOS9.3.sdk";
				"QMAKE_MAC_SDK_PATH[sdk=iphonesimulator*]" = "/Applications/Xcode.app/Contents/Developer/Platforms/iPhoneSimulator.platform/Developer/SDKs/iPhoneSimulator9.3.sdk";
				"QMAKE_MAC_SDK_PLATFORM_PATH[sdk=iphoneos*]" = "/Applications/Xcode.app/Contents/Developer/Platforms/iPhoneOS.platform";
				"QMAKE_MAC_SDK_PLATFORM_PATH[sdk=iphonesimulator*]" = "/Applications/Xcode.app/Contents/Developer/Platforms/iPhoneSimulator.platform";
				QT_LIBRARY_SUFFIX = "";
				"QT_LIBRARY_SUFFIX[sdk=iphonesimulator*]" = "_iphonesimulator$(QT_LIBRARY_SUFFIX)";
				SDKROOT = "iphoneos";
				TARGETED_DEVICE_FAMILY = "1,2";
				GCC_VERSION = com.apple.compilers.llvm.clang.1_0;
				CC = "/Applications/Xcode.app/Contents/Developer/Toolchains/XcodeDefault.xctoolchain/usr/bin/clang";
				LDPLUSPLUS = "/Applications/Xcode.app/Contents/Developer/Toolchains/XcodeDefault.xctoolchain/usr/bin/clang++";
				INFOPLIST_FILE = "Info.plist";
				SYMROOT = "/Users/satoshi/Desktop/fc/osx/ProRoto2016/ProRotoQml/Models/";
				DYLIB_CURRENT_VERSION = "1.0.0";
				DYLIB_COMPATIBILITY_VERSION = "1.0";
				IPHONEOS_DEPLOYMENT_TARGET = "6.0";
				CODE_SIGN_IDENTITY = "iPhone Developer";
				HEADER_SEARCH_PATHS = (
					".",
					"/Users/satoshi/Qt/5.6/ios/mkspecs/macx-ios-clang/ios",
					"/Users/satoshi/Qt/5.6/ios/include",
					"/Users/satoshi/Qt/5.6/ios/include/QtQuick",
					"/Users/satoshi/Qt/5.6/ios/include/QtGui",
					"/Users/satoshi/Qt/5.6/ios/include/QtQml",
					"/Users/satoshi/Qt/5.6/ios/include/QtNetwork",
					"/Users/satoshi/Qt/5.6/ios/include/QtCore",
					".",
					"/Users/satoshi/Qt/5.6/ios/mkspecs/macx-ios-clang");
				LIBRARY_SEARCH_PATHS = (
					"/Users/satoshi/Qt/5.6/ios/plugins/platforms",
					"/System/Library/Frameworks/",
					"/Users/satoshi/Qt/5.6/ios/lib",
					"/Users/satoshi/Qt/5.6/ios/plugins/imageformats",
					"/Users/satoshi/Qt/5.6/ios/plugins/qmltooling",
					"/Users/satoshi/Qt/5.6/ios/plugins/bearer");
				FRAMEWORK_SEARCH_PATHS = "";
				OTHER_CFLAGS = (
					"-pipe",
					"-fvisibility=hidden",
					"-fpascal-strings",
					"-fmessage-length=0",
					"-Wno-trigraphs",
					"-Wreturn-type",
					"-Wparentheses",
					"-Wswitch",
					"-Wno-unused-parameter",
					"-Wunused-variable",
					"-Wunused-value",
					"-Wno-shorten-64-to-32",
					"-Wno-sign-conversion",
					"-fexceptions",
					"-fasm-blocks",
					"-Wno-missing-field-initializers",
					"-Wno-missing-prototypes",
					"-Wno-implicit-atomic-properties",
					"-Wformat",
					"-Wno-missing-braces",
					"-Wno-unused-function",
					"-Wno-unused-label",
					"-Wuninitialized",
					"-Wno-unknown-pragmas",
					"-Wno-shadow",
					"-Wno-four-char-constants",
					"-Wno-sign-compare",
					"-Wpointer-sign",
					"-Wno-newline-eof",
					"-Wdeprecated-declarations",
					"-Winvalid-offsetof",
					"-Wno-conversion",
					"-O2",
					"-fobjc-nonfragile-abi",
					"-fobjc-legacy-dispatch",
					"-Wno-deprecated-implementations",
					"-Wprotocol",
					"-Wno-selector",
					"-Wno-strict-selector-match",
					"-Wno-undeclared-selector",
					"-Wall",
					"-W",
					"-fPIC",
					"-DDARWIN_NO_CARBON",
					"-DQT_NO_PRINTER",
					"-DQT_NO_PRINTDIALOG",
					"-DQT_NO_DEBUG",
					"-DQT_STATICPLUGIN",
					"-DQT_PLUGIN",
					"-DQT_QUICK_LIB",
					"-DQT_GUI_LIB",
					"-DQT_QML_LIB",
					"-DQT_NETWORK_LIB",
					"-DQT_CORE_LIB");
				OTHER_CPLUSPLUSFLAGS = (
					"-pipe",
					"-stdlib=libc++",
					"-fvisibility=hidden",
					"-fpascal-strings",
					"-fmessage-length=0",
					"-Wno-trigraphs",
					"-Wreturn-type",
					"-Wparentheses",
					"-Wswitch",
					"-Wno-unused-parameter",
					"-Wunused-variable",
					"-Wunused-value",
					"-Wno-shorten-64-to-32",
					"-Wno-sign-conversion",
					"-fexceptions",
					"-fasm-blocks",
					"-Wno-missing-field-initializers",
					"-Wno-missing-prototypes",
					"-Wno-implicit-atomic-properties",
					"-Wformat",
					"-Wno-missing-braces",
					"-Wno-unused-function",
					"-Wno-unused-label",
					"-Wuninitialized",
					"-Wno-unknown-pragmas",
					"-Wno-shadow",
					"-Wno-four-char-constants",
					"-Wno-sign-compare",
					"-Wpointer-sign",
					"-Wno-newline-eof",
					"-Wdeprecated-declarations",
					"-Winvalid-offsetof",
					"-Wno-conversion",
					"-fvisibility-inlines-hidden",
					"-Wno-non-virtual-dtor",
					"-Wno-overloaded-virtual",
					"-Wno-exit-time-destructors",
					"-O2",
					"-std=gnu++11",
					"-fobjc-nonfragile-abi",
					"-fobjc-legacy-dispatch",
					"-Wno-deprecated-implementations",
					"-Wprotocol",
					"-Wno-selector",
					"-Wno-strict-selector-match",
					"-Wno-undeclared-selector",
					"-Wall",
					"-W",
					"-fPIC",
					"-DDARWIN_NO_CARBON",
					"-DQT_NO_PRINTER",
					"-DQT_NO_PRINTDIALOG",
					"-DQT_NO_DEBUG",
					"-DQT_STATICPLUGIN",
					"-DQT_PLUGIN",
					"-DQT_QUICK_LIB",
					"-DQT_GUI_LIB",
					"-DQT_QML_LIB",
					"-DQT_NETWORK_LIB",
					"-DQT_CORE_LIB");
				OTHER_LDFLAGS = (
						"-headerpad_max_install_names",
						"-stdlib=libc++",
						"-u",
						"_qt_registerPlatformPlugin",
						"-Wl,-e,_qt_main_wrapper",
						"-L/Users/satoshi/Qt/5.6/ios/plugins/platforms",
						"-framework",
						"UIKit",
						"-framework",
						"AssetsLibrary",
						"-L/Users/satoshi/Qt/5.6/ios/lib",
						"-framework",
						"MobileCoreServices",
						"-framework",
						"OpenGLES",
						"-L/Users/satoshi/Qt/5.6/ios/plugins/imageformats",
						"-L/Users/satoshi/Qt/5.6/ios/plugins/qmltooling",
						"-L/Users/satoshi/Qt/5.6/ios/plugins/bearer",
						"-lz",
						"-lm");
				ARCHS = "armv7 arm64 i386 x86_64";
			};
			name = "Release";
		};
		6666AA5E688052234F6758D8 = {
			isa = XCBuildConfiguration;
			buildSettings = {
				"ARCHS[sdk=iphoneos*]" = "armv7 arm64";
				"ARCHS[sdk=iphonesimulator*]" = "i386 x86_64";
				COPY_PHASE_STRIP = "YES";
				ENABLE_BITCODE = "NO";
				GCC_GENERATE_DEBUGGING_SYMBOLS = "NO";
				PRODUCT_NAME = "ProRotoQml.Models";
				"QMAKE_MAC_SDK_PATH[sdk=iphoneos*]" = "/Applications/Xcode.app/Contents/Developer/Platforms/iPhoneOS.platform/Developer/SDKs/iPhoneOS9.3.sdk";
				"QMAKE_MAC_SDK_PATH[sdk=iphonesimulator*]" = "/Applications/Xcode.app/Contents/Developer/Platforms/iPhoneSimulator.platform/Developer/SDKs/iPhoneSimulator9.3.sdk";
				"QMAKE_MAC_SDK_PLATFORM_PATH[sdk=iphoneos*]" = "/Applications/Xcode.app/Contents/Developer/Platforms/iPhoneOS.platform";
				"QMAKE_MAC_SDK_PLATFORM_PATH[sdk=iphonesimulator*]" = "/Applications/Xcode.app/Contents/Developer/Platforms/iPhoneSimulator.platform";
				QT_LIBRARY_SUFFIX = "";
				"QT_LIBRARY_SUFFIX[sdk=iphonesimulator*]" = "_iphonesimulator$(QT_LIBRARY_SUFFIX)";
				SDKROOT = "iphoneos";
				TARGETED_DEVICE_FAMILY = "1,2";
				PRODUCT_NAME = "ProRotoQml.Models";
			};
			name = "Release";
		};
		DAC4C1AA5EDEA1C85E9CA5E6 = {
			isa = XCConfigurationList;
			buildConfigurations = (
				"3AA6C32AC930069E80220CF1",
				"339EE1B2CC4FC24589A0EA95");
			defaultConfigurationIsVisible = 0;
			defaultConfigurationName = "Release";
		};
		6CC3B5D2136C7CD6A5CF5A59 = {
			isa = XCConfigurationList;
			buildConfigurations = (
				"77418F46922677BB04ED38DD",
				"6666AA5E688052234F6758D8");
			defaultConfigurationIsVisible = 0;
			defaultConfigurationName = "Release";
		};
		6DB9C3763D02B1415CD9D565 = {
			hasScannedForEncodings = 1;
			compatibilityVersion = "Xcode 3.2";
			isa = PBXProject;
			mainGroup = "E8C543AB96796ECAA2E65C57";
			productRefGroup = "FE0A091FDBFB3E9C31B7A1BD";
			buildConfigurationList = "DAC4C1AA5EDEA1C85E9CA5E6";
			projectDirPath = "";
			projectRoot = "";
			targets = (
				"4A15CEFC063E97832478F3C6",
				"F35EF501319FD7574B9EDC59");
			attributes = {
				TargetAttributes = {
				};
			};
		};
	};
	rootObject = "6DB9C3763D02B1415CD9D565";
}
